
Microsoft Visual Studio Solution File, Format Version 12.00
# Visual Studio Version 17
VisualStudioVersion = 17.8.34525.116
MinimumVisualStudioVersion = 10.0.40219.1
Project("{9A19103F-16F7-4668-BE54-9A1E7A4F7556}") = "SiteASP", "SiteASP.csproj", "{77227E85-6D57-4FE2-8B1C-74F5C7D02889}"
EndProject
Global
	GlobalSection(SolutionConfigurationPlatforms) = preSolution
		Debug|Any CPU = Debug|Any CPU
		Release|Any CPU = Release|Any CPU
	EndGlobalSection
	GlobalSection(ProjectConfigurationPlatforms) = postSolution
		{77227E85-6D57-4FE2-8B1C-74F5C7D02889}.Debug|Any CPU.ActiveCfg = Debug|Any CPU
		{77227E85-6D57-4FE2-8B1C-74F5C7D02889}.Debug|Any CPU.Build.0 = Debug|Any CPU
		{77227E85-6D57-4FE2-8B1C-74F5C7D02889}.Release|Any CPU.ActiveCfg = Release|Any CPU
		{77227E85-6D57-4FE2-8B1C-74F5C7D02889}.Release|Any CPU.Build.0 = Release|Any CPU
	EndGlobalSection
	GlobalSection(SolutionProperties) = preSolution
		HideSolutionNode = FALSE
	EndGlobalSection
	GlobalSection(ExtensibilityGlobals) = postSolution
		SolutionGuid = {8AB91F73-57CA-439A-8E14-B06F6009A0DD}
	EndGlobalSection
EndGlobal
