
Microsoft Visual Studio Solution File, Format Version 12.00
# Visual Studio Version 17
VisualStudioVersion = 17.9.34728.123
MinimumVisualStudioVersion = 10.0.40219.1
Project("{FAE04EC0-301F-11D3-BF4B-00C04F79EFBC}") = "DiplomAE", "DiplomAE.csproj", "{0098DE87-2870-4A69-B6C4-C18483A5A83E}"
EndProject
Global
	GlobalSection(SolutionConfigurationPlatforms) = preSolution
		Debug|Any CPU = Debug|Any CPU
		Release|Any CPU = Release|Any CPU
	EndGlobalSection
	GlobalSection(ProjectConfigurationPlatforms) = postSolution
		{0098DE87-2870-4A69-B6C4-C18483A5A83E}.Debug|Any CPU.ActiveCfg = Debug|Any CPU
		{0098DE87-2870-4A69-B6C4-C18483A5A83E}.Debug|Any CPU.Build.0 = Debug|Any CPU
		{0098DE87-2870-4A69-B6C4-C18483A5A83E}.Release|Any CPU.ActiveCfg = Release|Any CPU
		{0098DE87-2870-4A69-B6C4-C18483A5A83E}.Release|Any CPU.Build.0 = Release|Any CPU
	EndGlobalSection
	GlobalSection(SolutionProperties) = preSolution
		HideSolutionNode = FALSE
	EndGlobalSection
	GlobalSection(ExtensibilityGlobals) = postSolution
		SolutionGuid = {B7611C2F-0D6E-4058-8101-7107B2712301}
	EndGlobalSection
EndGlobal
